// !$*UTF8*$!
{
	archiveVersion = 1;
	classes = {
	};
	objectVersion = 55;
	objects = {

/* Begin PBXBuildFile section */
		DE058FAD27D74BD3003E79E0 /* CircleImage.swift in Sources */ = {isa = PBXBuildFile; fileRef = DE058FAC27D74BD3003E79E0 /* CircleImage.swift */; };
		DE058FAF27D74E05003E79E0 /* MapView.swift in Sources */ = {isa = PBXBuildFile; fileRef = DE058FAE27D74E05003E79E0 /* MapView.swift */; };
		DE058FB127D763E7003E79E0 /* landmarkData.json in Resources */ = {isa = PBXBuildFile; fileRef = DE058FB027D763E7003E79E0 /* landmarkData.json */; };
		DE058FB327D7642A003E79E0 /* LandMark.swift in Sources */ = {isa = PBXBuildFile; fileRef = DE058FB227D7642A003E79E0 /* LandMark.swift */; };
		DE058FB527D7664A003E79E0 /* ModelData.swift in Sources */ = {isa = PBXBuildFile; fileRef = DE058FB427D7664A003E79E0 /* ModelData.swift */; };
		DE058FBB27D769E3003E79E0 /* LandmarkRow.swift in Sources */ = {isa = PBXBuildFile; fileRef = DE058FBA27D769E3003E79E0 /* LandmarkRow.swift */; };
		DE058FBD27D76C62003E79E0 /* LandmarkList.swift in Sources */ = {isa = PBXBuildFile; fileRef = DE058FBC27D76C62003E79E0 /* LandmarkList.swift */; };
		DE058FBF27D76EA1003E79E0 /* LandmarkDetails.swift in Sources */ = {isa = PBXBuildFile; fileRef = DE058FBE27D76EA1003E79E0 /* LandmarkDetails.swift */; };
		DEE9717F27D65C3E002A65FD /* LandMarksApp.swift in Sources */ = {isa = PBXBuildFile; fileRef = DEE9717E27D65C3E002A65FD /* LandMarksApp.swift */; };
		DEE9718127D65C3E002A65FD /* ContentView.swift in Sources */ = {isa = PBXBuildFile; fileRef = DEE9718027D65C3E002A65FD /* ContentView.swift */; };
		DEE9718327D65C42002A65FD /* Assets.xcassets in Resources */ = {isa = PBXBuildFile; fileRef = DEE9718227D65C42002A65FD /* Assets.xcassets */; };
		DEE9718627D65C42002A65FD /* Preview Assets.xcassets in Resources */ = {isa = PBXBuildFile; fileRef = DEE9718527D65C42002A65FD /* Preview Assets.xcassets */; };
		DEE9719027D65C42002A65FD /* LandMarksTests.swift in Sources */ = {isa = PBXBuildFile; fileRef = DEE9718F27D65C42002A65FD /* LandMarksTests.swift */; };
		DEE9719A27D65C42002A65FD /* LandMarksUITests.swift in Sources */ = {isa = PBXBuildFile; fileRef = DEE9719927D65C42002A65FD /* LandMarksUITests.swift */; };
		DEE9719C27D65C42002A65FD /* LandMarksUITestsLaunchTests.swift in Sources */ = {isa = PBXBuildFile; fileRef = DEE9719B27D65C42002A65FD /* LandMarksUITestsLaunchTests.swift */; };
/* End PBXBuildFile section */

/* Begin PBXContainerItemProxy section */
		DEE9718C27D65C42002A65FD /* PBXContainerItemProxy */ = {
			isa = PBXContainerItemProxy;
			containerPortal = DEE9717327D65C3E002A65FD /* Project object */;
			proxyType = 1;
			remoteGlobalIDString = DEE9717A27D65C3E002A65FD;
			remoteInfo = LandMarks;
		};
		DEE9719627D65C42002A65FD /* PBXContainerItemProxy */ = {
			isa = PBXContainerItemProxy;
			containerPortal = DEE9717327D65C3E002A65FD /* Project object */;
			proxyType = 1;
			remoteGlobalIDString = DEE9717A27D65C3E002A65FD;
			remoteInfo = LandMarks;
		};
/* End PBXContainerItemProxy section */

/* Begin PBXFileReference section */
		DE058FAC27D74BD3003E79E0 /* CircleImage.swift */ = {isa = PBXFileReference; lastKnownFileType = sourcecode.swift; path = CircleImage.swift; sourceTree = "<group>"; };
		DE058FAE27D74E05003E79E0 /* MapView.swift */ = {isa = PBXFileReference; lastKnownFileType = sourcecode.swift; path = MapView.swift; sourceTree = "<group>"; };
		DE058FB027D763E7003E79E0 /* landmarkData.json */ = {isa = PBXFileReference; fileEncoding = 4; lastKnownFileType = text.json; path = landmarkData.json; sourceTree = "<group>"; };
		DE058FB227D7642A003E79E0 /* LandMark.swift */ = {isa = PBXFileReference; lastKnownFileType = sourcecode.swift; path = LandMark.swift; sourceTree = "<group>"; };
		DE058FB427D7664A003E79E0 /* ModelData.swift */ = {isa = PBXFileReference; lastKnownFileType = sourcecode.swift; path = ModelData.swift; sourceTree = "<group>"; };
		DE058FBA27D769E3003E79E0 /* LandmarkRow.swift */ = {isa = PBXFileReference; lastKnownFileType = sourcecode.swift; path = LandmarkRow.swift; sourceTree = "<group>"; };
		DE058FBC27D76C62003E79E0 /* LandmarkList.swift */ = {isa = PBXFileReference; lastKnownFileType = sourcecode.swift; path = LandmarkList.swift; sourceTree = "<group>"; };
		DE058FBE27D76EA1003E79E0 /* LandmarkDetails.swift */ = {isa = PBXFileReference; lastKnownFileType = sourcecode.swift; path = LandmarkDetails.swift; sourceTree = "<group>"; };
		DEE9717B27D65C3E002A65FD /* LandMarks.app */ = {isa = PBXFileReference; explicitFileType = wrapper.application; includeInIndex = 0; path = LandMarks.app; sourceTree = BUILT_PRODUCTS_DIR; };
		DEE9717E27D65C3E002A65FD /* LandMarksApp.swift */ = {isa = PBXFileReference; lastKnownFileType = sourcecode.swift; path = LandMarksApp.swift; sourceTree = "<group>"; };
		DEE9718027D65C3E002A65FD /* ContentView.swift */ = {isa = PBXFileReference; lastKnownFileType = sourcecode.swift; path = ContentView.swift; sourceTree = "<group>"; };
		DEE9718227D65C42002A65FD /* Assets.xcassets */ = {isa = PBXFileReference; lastKnownFileType = folder.assetcatalog; path = Assets.xcassets; sourceTree = "<group>"; };
		DEE9718527D65C42002A65FD /* Preview Assets.xcassets */ = {isa = PBXFileReference; lastKnownFileType = folder.assetcatalog; path = "Preview Assets.xcassets"; sourceTree = "<group>"; };
		DEE9718B27D65C42002A65FD /* LandMarksTests.xctest */ = {isa = PBXFileReference; explicitFileType = wrapper.cfbundle; includeInIndex = 0; path = LandMarksTests.xctest; sourceTree = BUILT_PRODUCTS_DIR; };
		DEE9718F27D65C42002A65FD /* LandMarksTests.swift */ = {isa = PBXFileReference; lastKnownFileType = sourcecode.swift; path = LandMarksTests.swift; sourceTree = "<group>"; };
		DEE9719527D65C42002A65FD /* LandMarksUITests.xctest */ = {isa = PBXFileReference; explicitFileType = wrapper.cfbundle; includeInIndex = 0; path = LandMarksUITests.xctest; sourceTree = BUILT_PRODUCTS_DIR; };
		DEE9719927D65C42002A65FD /* LandMarksUITests.swift */ = {isa = PBXFileReference; lastKnownFileType = sourcecode.swift; path = LandMarksUITests.swift; sourceTree = "<group>"; };
		DEE9719B27D65C42002A65FD /* LandMarksUITestsLaunchTests.swift */ = {isa = PBXFileReference; lastKnownFileType = sourcecode.swift; path = LandMarksUITestsLaunchTests.swift; sourceTree = "<group>"; };
/* End PBXFileReference section */

/* Begin PBXFrameworksBuildPhase section */
		DEE9717827D65C3E002A65FD /* Frameworks */ = {
			isa = PBXFrameworksBuildPhase;
			buildActionMask = 2147483647;
			files = (
			);
			runOnlyForDeploymentPostprocessing = 0;
		};
		DEE9718827D65C42002A65FD /* Frameworks */ = {
			isa = PBXFrameworksBuildPhase;
			buildActionMask = 2147483647;
			files = (
			);
			runOnlyForDeploymentPostprocessing = 0;
		};
		DEE9719227D65C42002A65FD /* Frameworks */ = {
			isa = PBXFrameworksBuildPhase;
			buildActionMask = 2147483647;
			files = (
			);
			runOnlyForDeploymentPostprocessing = 0;
		};
/* End PBXFrameworksBuildPhase section */

/* Begin PBXGroup section */
		DE058FB727D76881003E79E0 /* Views */ = {
			isa = PBXGroup;
			children = (
				DEE9718027D65C3E002A65FD /* ContentView.swift */,
				DE058FAC27D74BD3003E79E0 /* CircleImage.swift */,
				DE058FAE27D74E05003E79E0 /* MapView.swift */,
				DE058FBA27D769E3003E79E0 /* LandmarkRow.swift */,
				DE058FBC27D76C62003E79E0 /* LandmarkList.swift */,
				DE058FBE27D76EA1003E79E0 /* LandmarkDetails.swift */,
			);
			path = Views;
			sourceTree = "<group>";
		};
		DE058FB827D76895003E79E0 /* Resources */ = {
			isa = PBXGroup;
			children = (
				DE058FB027D763E7003E79E0 /* landmarkData.json */,
			);
			path = Resources;
			sourceTree = "<group>";
		};
		DE058FB927D768B1003E79E0 /* Models */ = {
			isa = PBXGroup;
			children = (
				DE058FB227D7642A003E79E0 /* LandMark.swift */,
				DE058FB427D7664A003E79E0 /* ModelData.swift */,
			);
			path = Models;
			sourceTree = "<group>";
		};
		DEE9717227D65C3E002A65FD = {
			isa = PBXGroup;
			children = (
				DEE9717D27D65C3E002A65FD /* LandMarks */,
				DEE9718E27D65C42002A65FD /* LandMarksTests */,
				DEE9719827D65C42002A65FD /* LandMarksUITests */,
				DEE9717C27D65C3E002A65FD /* Products */,
			);
			sourceTree = "<group>";
		};
		DEE9717C27D65C3E002A65FD /* Products */ = {
			isa = PBXGroup;
			children = (
				DEE9717B27D65C3E002A65FD /* LandMarks.app */,
				DEE9718B27D65C42002A65FD /* LandMarksTests.xctest */,
				DEE9719527D65C42002A65FD /* LandMarksUITests.xctest */,
			);
			name = Products;
			sourceTree = "<group>";
		};
		DEE9717D27D65C3E002A65FD /* LandMarks */ = {
			isa = PBXGroup;
			children = (
				DE058FB827D76895003E79E0 /* Resources */,
				DEE9717E27D65C3E002A65FD /* LandMarksApp.swift */,
				DE058FB727D76881003E79E0 /* Views */,
				DEE9718227D65C42002A65FD /* Assets.xcassets */,
				DEE9718427D65C42002A65FD /* Preview Content */,
				DE058FB927D768B1003E79E0 /* Models */,
			);
			path = LandMarks;
			sourceTree = "<group>";
		};
		DEE9718427D65C42002A65FD /* Preview Content */ = {
			isa = PBXGroup;
			children = (
				DEE9718527D65C42002A65FD /* Preview Assets.xcassets */,
			);
			path = "Preview Content";
			sourceTree = "<group>";
		};
		DEE9718E27D65C42002A65FD /* LandMarksTests */ = {
			isa = PBXGroup;
			children = (
				DEE9718F27D65C42002A65FD /* LandMarksTests.swift */,
			);
			path = LandMarksTests;
			sourceTree = "<group>";
		};
		DEE9719827D65C42002A65FD /* LandMarksUITests */ = {
			isa = PBXGroup;
			children = (
				DEE9719927D65C42002A65FD /* LandMarksUITests.swift */,
				DEE9719B27D65C42002A65FD /* LandMarksUITestsLaunchTests.swift */,
			);
			path = LandMarksUITests;
			sourceTree = "<group>";
		};
/* End PBXGroup section */

/* Begin PBXNativeTarget section */
		DEE9717A27D65C3E002A65FD /* LandMarks */ = {
			isa = PBXNativeTarget;
			buildConfigurationList = DEE9719F27D65C42002A65FD /* Build configuration list for PBXNativeTarget "LandMarks" */;
			buildPhases = (
				DEE9717727D65C3E002A65FD /* Sources */,
				DEE9717827D65C3E002A65FD /* Frameworks */,
				DEE9717927D65C3E002A65FD /* Resources */,
			);
			buildRules = (
			);
			dependencies = (
			);
			name = LandMarks;
			productName = LandMarks;
			productReference = DEE9717B27D65C3E002A65FD /* LandMarks.app */;
			productType = "com.apple.product-type.application";
		};
		DEE9718A27D65C42002A65FD /* LandMarksTests */ = {
			isa = PBXNativeTarget;
			buildConfigurationList = DEE971A227D65C42002A65FD /* Build configuration list for PBXNativeTarget "LandMarksTests" */;
			buildPhases = (
				DEE9718727D65C42002A65FD /* Sources */,
				DEE9718827D65C42002A65FD /* Frameworks */,
				DEE9718927D65C42002A65FD /* Resources */,
			);
			buildRules = (
			);
			dependencies = (
				DEE9718D27D65C42002A65FD /* PBXTargetDependency */,
			);
			name = LandMarksTests;
			productName = LandMarksTests;
			productReference = DEE9718B27D65C42002A65FD /* LandMarksTests.xctest */;
			productType = "com.apple.product-type.bundle.unit-test";
		};
		DEE9719427D65C42002A65FD /* LandMarksUITests */ = {
			isa = PBXNativeTarget;
			buildConfigurationList = DEE971A527D65C42002A65FD /* Build configuration list for PBXNativeTarget "LandMarksUITests" */;
			buildPhases = (
				DEE9719127D65C42002A65FD /* Sources */,
				DEE9719227D65C42002A65FD /* Frameworks */,
				DEE9719327D65C42002A65FD /* Resources */,
			);
			buildRules = (
			);
			dependencies = (
				DEE9719727D65C42002A65FD /* PBXTargetDependency */,
			);
			name = LandMarksUITests;
			productName = LandMarksUITests;
			productReference = DEE9719527D65C42002A65FD /* LandMarksUITests.xctest */;
			productType = "com.apple.product-type.bundle.ui-testing";
		};
/* End PBXNativeTarget section */

/* Begin PBXProject section */
		DEE9717327D65C3E002A65FD /* Project object */ = {
			isa = PBXProject;
			attributes = {
				BuildIndependentTargetsInParallel = 1;
				LastSwiftUpdateCheck = 1320;
				LastUpgradeCheck = 1320;
				TargetAttributes = {
					DEE9717A27D65C3E002A65FD = {
						CreatedOnToolsVersion = 13.2.1;
					};
					DEE9718A27D65C42002A65FD = {
						CreatedOnToolsVersion = 13.2.1;
						TestTargetID = DEE9717A27D65C3E002A65FD;
					};
					DEE9719427D65C42002A65FD = {
						CreatedOnToolsVersion = 13.2.1;
						TestTargetID = DEE9717A27D65C3E002A65FD;
					};
				};
			};
			buildConfigurationList = DEE9717627D65C3E002A65FD /* Build configuration list for PBXProject "LandMarks" */;
			compatibilityVersion = "Xcode 13.0";
			developmentRegion = en;
			hasScannedForEncodings = 0;
			knownRegions = (
				en,
				Base,
			);
			mainGroup = DEE9717227D65C3E002A65FD;
			productRefGroup = DEE9717C27D65C3E002A65FD /* Products */;
			projectDirPath = "";
			projectRoot = "";
			targets = (
				DEE9717A27D65C3E002A65FD /* LandMarks */,
				DEE9718A27D65C42002A65FD /* LandMarksTests */,
				DEE9719427D65C42002A65FD /* LandMarksUITests */,
			);
		};
/* End PBXProject section */

/* Begin PBXResourcesBuildPhase section */
		DEE9717927D65C3E002A65FD /* Resources */ = {
			isa = PBXResourcesBuildPhase;
			buildActionMask = 2147483647;
			files = (
				DEE9718627D65C42002A65FD /* Preview Assets.xcassets in Resources */,
				DEE9718327D65C42002A65FD /* Assets.xcassets in Resources */,
				DE058FB127D763E7003E79E0 /* landmarkData.json in Resources */,
			);
			runOnlyForDeploymentPostprocessing = 0;
		};
		DEE9718927D65C42002A65FD /* Resources */ = {
			isa = PBXResourcesBuildPhase;
			buildActionMask = 2147483647;
			files = (
			);
			runOnlyForDeploymentPostprocessing = 0;
		};
		DEE9719327D65C42002A65FD /* Resources */ = {
			isa = PBXResourcesBuildPhase;
			buildActionMask = 2147483647;
			files = (
			);
			runOnlyForDeploymentPostprocessing = 0;
		};
/* End PBXResourcesBuildPhase section */

/* Begin PBXSourcesBuildPhase section */
		DEE9717727D65C3E002A65FD /* Sources */ = {
			isa = PBXSourcesBuildPhase;
			buildActionMask = 2147483647;
			files = (
				DEE9718127D65C3E002A65FD /* ContentView.swift in Sources */,
				DE058FB327D7642A003E79E0 /* LandMark.swift in Sources */,
				DE058FAF27D74E05003E79E0 /* MapView.swift in Sources */,
				DE058FBD27D76C62003E79E0 /* LandmarkList.swift in Sources */,
				DEE9717F27D65C3E002A65FD /* LandMarksApp.swift in Sources */,
				DE058FAD27D74BD3003E79E0 /* CircleImage.swift in Sources */,
				DE058FBB27D769E3003E79E0 /* LandmarkRow.swift in Sources */,
				DE058FB527D7664A003E79E0 /* ModelData.swift in Sources */,
				DE058FBF27D76EA1003E79E0 /* LandmarkDetails.swift in Sources */,
			);
			runOnlyForDeploymentPostprocessing = 0;
		};
		DEE9718727D65C42002A65FD /* Sources */ = {
			isa = PBXSourcesBuildPhase;
			buildActionMask = 2147483647;
			files = (
				DEE9719027D65C42002A65FD /* LandMarksTests.swift in Sources */,
			);
			runOnlyForDeploymentPostprocessing = 0;
		};
		DEE9719127D65C42002A65FD /* Sources */ = {
			isa = PBXSourcesBuildPhase;
			buildActionMask = 2147483647;
			files = (
				DEE9719C27D65C42002A65FD /* LandMarksUITestsLaunchTests.swift in Sources */,
				DEE9719A27D65C42002A65FD /* LandMarksUITests.swift in Sources */,
			);
			runOnlyForDeploymentPostprocessing = 0;
		};
/* End PBXSourcesBuildPhase section */

/* Begin PBXTargetDependency section */
		DEE9718D27D65C42002A65FD /* PBXTargetDependency */ = {
			isa = PBXTargetDependency;
			target = DEE9717A27D65C3E002A65FD /* LandMarks */;
			targetProxy = DEE9718C27D65C42002A65FD /* PBXContainerItemProxy */;
		};
		DEE9719727D65C42002A65FD /* PBXTargetDependency */ = {
			isa = PBXTargetDependency;
			target = DEE9717A27D65C3E002A65FD /* LandMarks */;
			targetProxy = DEE9719627D65C42002A65FD /* PBXContainerItemProxy */;
		};
/* End PBXTargetDependency section */

/* Begin XCBuildConfiguration section */
		DEE9719D27D65C42002A65FD /* Debug */ = {
			isa = XCBuildConfiguration;
			buildSettings = {
				ALWAYS_SEARCH_USER_PATHS = NO;
				CLANG_ANALYZER_NONNULL = YES;
				CLANG_ANALYZER_NUMBER_OBJECT_CONVERSION = YES_AGGRESSIVE;
				CLANG_CXX_LANGUAGE_STANDARD = "gnu++17";
				CLANG_CXX_LIBRARY = "libc++";
				CLANG_ENABLE_MODULES = YES;
				CLANG_ENABLE_OBJC_ARC = YES;
				CLANG_ENABLE_OBJC_WEAK = YES;
				CLANG_WARN_BLOCK_CAPTURE_AUTORELEASING = YES;
				CLANG_WARN_BOOL_CONVERSION = YES;
				CLANG_WARN_COMMA = YES;
				CLANG_WARN_CONSTANT_CONVERSION = YES;
				CLANG_WARN_DEPRECATED_OBJC_IMPLEMENTATIONS = YES;
				CLANG_WARN_DIRECT_OBJC_ISA_USAGE = YES_ERROR;
				CLANG_WARN_DOCUMENTATION_COMMENTS = YES;
				CLANG_WARN_EMPTY_BODY = YES;
				CLANG_WARN_ENUM_CONVERSION = YES;
				CLANG_WARN_INFINITE_RECURSION = YES;
				CLANG_WARN_INT_CONVERSION = YES;
				CLANG_WARN_NON_LITERAL_NULL_CONVERSION = YES;
				CLANG_WARN_OBJC_IMPLICIT_RETAIN_SELF = YES;
				CLANG_WARN_OBJC_LITERAL_CONVERSION = YES;
				CLANG_WARN_OBJC_ROOT_CLASS = YES_ERROR;
				CLANG_WARN_QUOTED_INCLUDE_IN_FRAMEWORK_HEADER = YES;
				CLANG_WARN_RANGE_LOOP_ANALYSIS = YES;
				CLANG_WARN_STRICT_PROTOTYPES = YES;
				CLANG_WARN_SUSPICIOUS_MOVE = YES;
				CLANG_WARN_UNGUARDED_AVAILABILITY = YES_AGGRESSIVE;
				CLANG_WARN_UNREACHABLE_CODE = YES;
				CLANG_WARN__DUPLICATE_METHOD_MATCH = YES;
				COPY_PHASE_STRIP = NO;
				DEBUG_INFORMATION_FORMAT = dwarf;
				ENABLE_STRICT_OBJC_MSGSEND = YES;
				ENABLE_TESTABILITY = YES;
				GCC_C_LANGUAGE_STANDARD = gnu11;
				GCC_DYNAMIC_NO_PIC = NO;
				GCC_NO_COMMON_BLOCKS = YES;
				GCC_OPTIMIZATION_LEVEL = 0;
				GCC_PREPROCESSOR_DEFINITIONS = (
					"DEBUG=1",
					"$(inherited)",
				);
				GCC_WARN_64_TO_32_BIT_CONVERSION = YES;
				GCC_WARN_ABOUT_RETURN_TYPE = YES_ERROR;
				GCC_WARN_UNDECLARED_SELECTOR = YES;
				GCC_WARN_UNINITIALIZED_AUTOS = YES_AGGRESSIVE;
				GCC_WARN_UNUSED_FUNCTION = YES;
				GCC_WARN_UNUSED_VARIABLE = YES;
				IPHONEOS_DEPLOYMENT_TARGET = 15.2;
				MTL_ENABLE_DEBUG_INFO = INCLUDE_SOURCE;
				MTL_FAST_MATH = YES;
				ONLY_ACTIVE_ARCH = YES;
				SDKROOT = iphoneos;
				SWIFT_ACTIVE_COMPILATION_CONDITIONS = DEBUG;
				SWIFT_OPTIMIZATION_LEVEL = "-Onone";
			};
			name = Debug;
		};
		DEE9719E27D65C42002A65FD /* Release */ = {
			isa = XCBuildConfiguration;
			buildSettings = {
				ALWAYS_SEARCH_USER_PATHS = NO;
				CLANG_ANALYZER_NONNULL = YES;
				CLANG_ANALYZER_NUMBER_OBJECT_CONVERSION = YES_AGGRESSIVE;
				CLANG_CXX_LANGUAGE_STANDARD = "gnu++17";
				CLANG_CXX_LIBRARY = "libc++";
				CLANG_ENABLE_MODULES = YES;
				CLANG_ENABLE_OBJC_ARC = YES;
				CLANG_ENABLE_OBJC_WEAK = YES;
				CLANG_WARN_BLOCK_CAPTURE_AUTORELEASING = YES;
				CLANG_WARN_BOOL_CONVERSION = YES;
				CLANG_WARN_COMMA = YES;
				CLANG_WARN_CONSTANT_CONVERSION = YES;
				CLANG_WARN_DEPRECATED_OBJC_IMPLEMENTATIONS = YES;
				CLANG_WARN_DIRECT_OBJC_ISA_USAGE = YES_ERROR;
				CLANG_WARN_DOCUMENTATION_COMMENTS = YES;
				CLANG_WARN_EMPTY_BODY = YES;
				CLANG_WARN_ENUM_CONVERSION = YES;
				CLANG_WARN_INFINITE_RECURSION = YES;
				CLANG_WARN_INT_CONVERSION = YES;
				CLANG_WARN_NON_LITERAL_NULL_CONVERSION = YES;
				CLANG_WARN_OBJC_IMPLICIT_RETAIN_SELF = YES;
				CLANG_WARN_OBJC_LITERAL_CONVERSION = YES;
				CLANG_WARN_OBJC_ROOT_CLASS = YES_ERROR;
				CLANG_WARN_QUOTED_INCLUDE_IN_FRAMEWORK_HEADER = YES;
				CLANG_WARN_RANGE_LOOP_ANALYSIS = YES;
				CLANG_WARN_STRICT_PROTOTYPES = YES;
				CLANG_WARN_SUSPICIOUS_MOVE = YES;
				CLANG_WARN_UNGUARDED_AVAILABILITY = YES_AGGRESSIVE;
				CLANG_WARN_UNREACHABLE_CODE = YES;
				CLANG_WARN__DUPLICATE_METHOD_MATCH = YES;
				COPY_PHASE_STRIP = NO;
				DEBUG_INFORMATION_FORMAT = "dwarf-with-dsym";
				ENABLE_NS_ASSERTIONS = NO;
				ENABLE_STRICT_OBJC_MSGSEND = YES;
				GCC_C_LANGUAGE_STANDARD = gnu11;
				GCC_NO_COMMON_BLOCKS = YES;
				GCC_WARN_64_TO_32_BIT_CONVERSION = YES;
				GCC_WARN_ABOUT_RETURN_TYPE = YES_ERROR;
				GCC_WARN_UNDECLARED_SELECTOR = YES;
				GCC_WARN_UNINITIALIZED_AUTOS = YES_AGGRESSIVE;
				GCC_WARN_UNUSED_FUNCTION = YES;
				GCC_WARN_UNUSED_VARIABLE = YES;
				IPHONEOS_DEPLOYMENT_TARGET = 15.2;
				MTL_ENABLE_DEBUG_INFO = NO;
				MTL_FAST_MATH = YES;
				SDKROOT = iphoneos;
				SWIFT_COMPILATION_MODE = wholemodule;
				SWIFT_OPTIMIZATION_LEVEL = "-O";
				VALIDATE_PRODUCT = YES;
			};
			name = Release;
		};
		DEE971A027D65C42002A65FD /* Debug */ = {
			isa = XCBuildConfiguration;
			buildSettings = {
				ASSETCATALOG_COMPILER_APPICON_NAME = AppIcon;
				ASSETCATALOG_COMPILER_GLOBAL_ACCENT_COLOR_NAME = AccentColor;
				CODE_SIGN_STYLE = Automatic;
				CURRENT_PROJECT_VERSION = 1;
				DEVELOPMENT_ASSET_PATHS = "\"LandMarks/Preview Content\"";
				DEVELOPMENT_TEAM = 8DZ8GD78GQ;
				ENABLE_PREVIEWS = YES;
				GENERATE_INFOPLIST_FILE = YES;
				INFOPLIST_KEY_UIApplicationSceneManifest_Generation = YES;
				INFOPLIST_KEY_UIApplicationSupportsIndirectInputEvents = YES;
				INFOPLIST_KEY_UILaunchScreen_Generation = YES;
				INFOPLIST_KEY_UISupportedInterfaceOrientations_iPad = "UIInterfaceOrientationPortrait UIInterfaceOrientationPortraitUpsideDown UIInterfaceOrientationLandscapeLeft UIInterfaceOrientationLandscapeRight";
				INFOPLIST_KEY_UISupportedInterfaceOrientations_iPhone = "UIInterfaceOrientationPortrait UIInterfaceOrientationLandscapeLeft UIInterfaceOrientationLandscapeRight";
				LD_RUNPATH_SEARCH_PATHS = (
					"$(inherited)",
					"@executable_path/Frameworks",
				);
				MARKETING_VERSION = 1.0;
				PRODUCT_BUNDLE_IDENTIFIER = com.tendoll.LandMarks;
				PRODUCT_NAME = "$(TARGET_NAME)";
				SWIFT_EMIT_LOC_STRINGS = YES;
				SWIFT_VERSION = 5.0;
				TARGETED_DEVICE_FAMILY = "1,2";
			};
			name = Debug;
		};
		DEE971A127D65C42002A65FD /* Release */ = {
			isa = XCBuildConfiguration;
			buildSettings = {
				ASSETCATALOG_COMPILER_APPICON_NAME = AppIcon;
				ASSETCATALOG_COMPILER_GLOBAL_ACCENT_COLOR_NAME = AccentColor;
				CODE_SIGN_STYLE = Automatic;
				CURRENT_PROJECT_VERSION = 1;
				DEVELOPMENT_ASSET_PATHS = "\"LandMarks/Preview Content\"";
				DEVELOPMENT_TEAM = 8DZ8GD78GQ;
				ENABLE_PREVIEWS = YES;
				GENERATE_INFOPLIST_FILE = YES;
				INFOPLIST_KEY_UIApplicationSceneManifest_Generation = YES;
				INFOPLIST_KEY_UIApplicationSupportsIndirectInputEvents = YES;
				INFOPLIST_KEY_UILaunchScreen_Generation = YES;
				INFOPLIST_KEY_UISupportedInterfaceOrientations_iPad = "UIInterfaceOrientationPortrait UIInterfaceOrientationPortraitUpsideDown UIInterfaceOrientationLandscapeLeft UIInterfaceOrientationLandscapeRight";
				INFOPLIST_KEY_UISupportedInterfaceOrientations_iPhone = "UIInterfaceOrientationPortrait UIInterfaceOrientationLandscapeLeft UIInterfaceOrientationLandscapeRight";
				LD_RUNPATH_SEARCH_PATHS = (
					"$(inherited)",
					"@executable_path/Frameworks",
				);
				MARKETING_VERSION = 1.0;
				PRODUCT_BUNDLE_IDENTIFIER = com.tendoll.LandMarks;
				PRODUCT_NAME = "$(TARGET_NAME)";
				SWIFT_EMIT_LOC_STRINGS = YES;
				SWIFT_VERSION = 5.0;
				TARGETED_DEVICE_FAMILY = "1,2";
			};
			name = Release;
		};
		DEE971A327D65C42002A65FD /* Debug */ = {
			isa = XCBuildConfiguration;
			buildSettings = {
				ALWAYS_EMBED_SWIFT_STANDARD_LIBRARIES = YES;
				BUNDLE_LOADER = "$(TEST_HOST)";
				CODE_SIGN_STYLE = Automatic;
				CURRENT_PROJECT_VERSION = 1;
				DEVELOPMENT_TEAM = 8DZ8GD78GQ;
				GENERATE_INFOPLIST_FILE = YES;
				IPHONEOS_DEPLOYMENT_TARGET = 15.2;
				MARKETING_VERSION = 1.0;
				PRODUCT_BUNDLE_IDENTIFIER = com.tendoll.LandMarksTests;
				PRODUCT_NAME = "$(TARGET_NAME)";
				SWIFT_EMIT_LOC_STRINGS = NO;
				SWIFT_VERSION = 5.0;
				TARGETED_DEVICE_FAMILY = "1,2";
				TEST_HOST = "$(BUILT_PRODUCTS_DIR)/LandMarks.app/LandMarks";
			};
			name = Debug;
		};
		DEE971A427D65C42002A65FD /* Release */ = {
			isa = XCBuildConfiguration;
			buildSettings = {
				ALWAYS_EMBED_SWIFT_STANDARD_LIBRARIES = YES;
				BUNDLE_LOADER = "$(TEST_HOST)";
				CODE_SIGN_STYLE = Automatic;
				CURRENT_PROJECT_VERSION = 1;
				DEVELOPMENT_TEAM = 8DZ8GD78GQ;
				GENERATE_INFOPLIST_FILE = YES;
				IPHONEOS_DEPLOYMENT_TARGET = 15.2;
				MARKETING_VERSION = 1.0;
				PRODUCT_BUNDLE_IDENTIFIER = com.tendoll.LandMarksTests;
				PRODUCT_NAME = "$(TARGET_NAME)";
				SWIFT_EMIT_LOC_STRINGS = NO;
				SWIFT_VERSION = 5.0;
				TARGETED_DEVICE_FAMILY = "1,2";
				TEST_HOST = "$(BUILT_PRODUCTS_DIR)/LandMarks.app/LandMarks";
			};
			name = Release;
		};
		DEE971A627D65C42002A65FD /* Debug */ = {
			isa = XCBuildConfiguration;
			buildSettings = {
				ALWAYS_EMBED_SWIFT_STANDARD_LIBRARIES = YES;
				CODE_SIGN_STYLE = Automatic;
				CURRENT_PROJECT_VERSION = 1;
				DEVELOPMENT_TEAM = 8DZ8GD78GQ;
				GENERATE_INFOPLIST_FILE = YES;
				MARKETING_VERSION = 1.0;
				PRODUCT_BUNDLE_IDENTIFIER = com.tendoll.LandMarksUITests;
				PRODUCT_NAME = "$(TARGET_NAME)";
				SWIFT_EMIT_LOC_STRINGS = NO;
				SWIFT_VERSION = 5.0;
				TARGETED_DEVICE_FAMILY = "1,2";
				TEST_TARGET_NAME = LandMarks;
			};
			name = Debug;
		};
		DEE971A727D65C42002A65FD /* Release */ = {
			isa = XCBuildConfiguration;
			buildSettings = {
				ALWAYS_EMBED_SWIFT_STANDARD_LIBRARIES = YES;
				CODE_SIGN_STYLE = Automatic;
				CURRENT_PROJECT_VERSION = 1;
				DEVELOPMENT_TEAM = 8DZ8GD78GQ;
				GENERATE_INFOPLIST_FILE = YES;
				MARKETING_VERSION = 1.0;
				PRODUCT_BUNDLE_IDENTIFIER = com.tendoll.LandMarksUITests;
				PRODUCT_NAME = "$(TARGET_NAME)";
				SWIFT_EMIT_LOC_STRINGS = NO;
				SWIFT_VERSION = 5.0;
				TARGETED_DEVICE_FAMILY = "1,2";
				TEST_TARGET_NAME = LandMarks;
			};
			name = Release;
		};
/* End XCBuildConfiguration section */

/* Begin XCConfigurationList section */
		DEE9717627D65C3E002A65FD /* Build configuration list for PBXProject "LandMarks" */ = {
			isa = XCConfigurationList;
			buildConfigurations = (
				DEE9719D27D65C42002A65FD /* Debug */,
				DEE9719E27D65C42002A65FD /* Release */,
			);
			defaultConfigurationIsVisible = 0;
			defaultConfigurationName = Release;
		};
		DEE9719F27D65C42002A65FD /* Build configuration list for PBXNativeTarget "LandMarks" */ = {
			isa = XCConfigurationList;
			buildConfigurations = (
				DEE971A027D65C42002A65FD /* Debug */,
				DEE971A127D65C42002A65FD /* Release */,
			);
			defaultConfigurationIsVisible = 0;
			defaultConfigurationName = Release;
		};
		DEE971A227D65C42002A65FD /* Build configuration list for PBXNativeTarget "LandMarksTests" */ = {
			isa = XCConfigurationList;
			buildConfigurations = (
				DEE971A327D65C42002A65FD /* Debug */,
				DEE971A427D65C42002A65FD /* Release */,
			);
			defaultConfigurationIsVisible = 0;
			defaultConfigurationName = Release;
		};
		DEE971A527D65C42002A65FD /* Build configuration list for PBXNativeTarget "LandMarksUITests" */ = {
			isa = XCConfigurationList;
			buildConfigurations = (
				DEE971A627D65C42002A65FD /* Debug */,
				DEE971A727D65C42002A65FD /* Release */,
			);
			defaultConfigurationIsVisible = 0;
			defaultConfigurationName = Release;
		};
/* End XCConfigurationList section */
	};
	rootObject = DEE9717327D65C3E002A65FD /* Project object */;
}
